
Microsoft Visual Studio Solution File, Format Version 12.00
# Visual Studio Version 17
VisualStudioVersion = 17.0.31903.59
MinimumVisualStudioVersion = 10.0.40219.1
Project("{FAE04EC0-301F-11D3-BF4B-00C04F79EFBC}") = "VogueUkraine.Framework", "VogueUkraine.Framework\VogueUkraine.Framework.csproj", "{E8D42E3F-BCF0-4794-B72E-B58AECF9CC21}"
EndProject
Project("{FAE04EC0-301F-11D3-BF4B-00C04F79EFBC}") = "VogueUkraine.Data", "VogueUkraine.Data\VogueUkraine.Data.csproj", "{5EDE7F02-24E0-4893-A27B-6D683B7A9918}"
EndProject
Project("{FAE04EC0-301F-11D3-BF4B-00C04F79EFBC}") = "VogueUkraine.Management.Api", "VogueUkraine.Management.Api\VogueUkraine.Management.Api.csproj", "{7E6CD8B5-5237-44D9-94DD-B6F141B30A0C}"
EndProject
Project("{FAE04EC0-301F-11D3-BF4B-00C04F79EFBC}") = "VogueUkraine.Rating.Worker", "VogueUkraine.Rating.Worker\VogueUkraine.Rating.Worker.csproj", "{F7B71137-5941-49A2-AEB7-06BB3559CCA8}"
EndProject
Project("{FAE04EC0-301F-11D3-BF4B-00C04F79EFBC}") = "VogueUkraine.Identity", "VogueUkraine.Identity\VogueUkraine.Identity.csproj", "{0B179A3D-A97D-427C-A14A-D29C8C562509}"
EndProject
Project("{FAE04EC0-301F-11D3-BF4B-00C04F79EFBC}") = "VogueUkraine.Management.Worker", "VogueUkraine.Management.Worker\VogueUkraine.Management.Worker.csproj", "{2F5C8215-F9B5-42F4-9D37-714568D7AFD7}"
EndProject
Global
	GlobalSection(SolutionConfigurationPlatforms) = preSolution
		Debug|Any CPU = Debug|Any CPU
		Release|Any CPU = Release|Any CPU
	EndGlobalSection
	GlobalSection(SolutionProperties) = preSolution
		HideSolutionNode = FALSE
	EndGlobalSection
	GlobalSection(ProjectConfigurationPlatforms) = postSolution
		{E8D42E3F-BCF0-4794-B72E-B58AECF9CC21}.Debug|Any CPU.ActiveCfg = Debug|Any CPU
		{E8D42E3F-BCF0-4794-B72E-B58AECF9CC21}.Debug|Any CPU.Build.0 = Debug|Any CPU
		{E8D42E3F-BCF0-4794-B72E-B58AECF9CC21}.Release|Any CPU.ActiveCfg = Release|Any CPU
		{E8D42E3F-BCF0-4794-B72E-B58AECF9CC21}.Release|Any CPU.Build.0 = Release|Any CPU
		{5EDE7F02-24E0-4893-A27B-6D683B7A9918}.Debug|Any CPU.ActiveCfg = Debug|Any CPU
		{5EDE7F02-24E0-4893-A27B-6D683B7A9918}.Debug|Any CPU.Build.0 = Debug|Any CPU
		{5EDE7F02-24E0-4893-A27B-6D683B7A9918}.Release|Any CPU.ActiveCfg = Release|Any CPU
		{5EDE7F02-24E0-4893-A27B-6D683B7A9918}.Release|Any CPU.Build.0 = Release|Any CPU
		{7E6CD8B5-5237-44D9-94DD-B6F141B30A0C}.Debug|Any CPU.ActiveCfg = Debug|Any CPU
		{7E6CD8B5-5237-44D9-94DD-B6F141B30A0C}.Debug|Any CPU.Build.0 = Debug|Any CPU
		{7E6CD8B5-5237-44D9-94DD-B6F141B30A0C}.Release|Any CPU.ActiveCfg = Release|Any CPU
		{7E6CD8B5-5237-44D9-94DD-B6F141B30A0C}.Release|Any CPU.Build.0 = Release|Any CPU
		{F7B71137-5941-49A2-AEB7-06BB3559CCA8}.Debug|Any CPU.ActiveCfg = Debug|Any CPU
		{F7B71137-5941-49A2-AEB7-06BB3559CCA8}.Debug|Any CPU.Build.0 = Debug|Any CPU
		{F7B71137-5941-49A2-AEB7-06BB3559CCA8}.Release|Any CPU.ActiveCfg = Release|Any CPU
		{F7B71137-5941-49A2-AEB7-06BB3559CCA8}.Release|Any CPU.Build.0 = Release|Any CPU
		{0B179A3D-A97D-427C-A14A-D29C8C562509}.Debug|Any CPU.ActiveCfg = Debug|Any CPU
		{0B179A3D-A97D-427C-A14A-D29C8C562509}.Debug|Any CPU.Build.0 = Debug|Any CPU
		{0B179A3D-A97D-427C-A14A-D29C8C562509}.Release|Any CPU.ActiveCfg = Release|Any CPU
		{0B179A3D-A97D-427C-A14A-D29C8C562509}.Release|Any CPU.Build.0 = Release|Any CPU
		{2F5C8215-F9B5-42F4-9D37-714568D7AFD7}.Debug|Any CPU.ActiveCfg = Debug|Any CPU
		{2F5C8215-F9B5-42F4-9D37-714568D7AFD7}.Debug|Any CPU.Build.0 = Debug|Any CPU
		{2F5C8215-F9B5-42F4-9D37-714568D7AFD7}.Release|Any CPU.ActiveCfg = Release|Any CPU
		{2F5C8215-F9B5-42F4-9D37-714568D7AFD7}.Release|Any CPU.Build.0 = Release|Any CPU
	EndGlobalSection
EndGlobal
