
Microsoft Visual Studio Solution File, Format Version 12.00
# Visual Studio Version 17
VisualStudioVersion = 17.0.31903.59
MinimumVisualStudioVersion = 10.0.40219.1
Project("{FAE04EC0-301F-11D3-BF4B-00C04F79EFBC}") = "VogueUkraine.Framework", "VogueUkraine.Framework\VogueUkraine.Framework.csproj", "{E8D42E3F-BCF0-4794-B72E-B58AECF9CC21}"
EndProject
Project("{FAE04EC0-301F-11D3-BF4B-00C04F79EFBC}") = "VogueUkraine.Data", "VogueUkraine.Data\VogueUkraine.Data.csproj", "{5EDE7F02-24E0-4893-A27B-6D683B7A9918}"
EndProject
Project("{FAE04EC0-301F-11D3-BF4B-00C04F79EFBC}") = "VogueUkraine.Profile.Api", "VogueUkraine.Profile.Api\VogueUkraine.Profile.Api.csproj", "{7E6CD8B5-5237-44D9-94DD-B6F141B30A0C}"
EndProject
Project("{FAE04EC0-301F-11D3-BF4B-00C04F79EFBC}") = "VogueUkraine.Identity", "VogueUkraine.Identity\VogueUkraine.Identity.csproj", "{0E7B77E6-DEB4-4E09-B5CC-FE8FF4FE6873}"
EndProject
Project("{FAE04EC0-301F-11D3-BF4B-00C04F79EFBC}") = "VogueUkraine.Voting.Worker", "VogueUkraine.Voting.Worker\VogueUkraine.Voting.Worker.csproj", "{BE1185E0-19EA-4EBE-B3AB-6D259C6FD151}"
EndProject
Project("{FAE04EC0-301F-11D3-BF4B-00C04F79EFBC}") = "VogueUkraine.Rating.Worker", "VogueUkraine.Rating.Worker\VogueUkraine.Rating.Worker.csproj", "{F7B71137-5941-49A2-AEB7-06BB3559CCA8}"
EndProject
Project("{FAE04EC0-301F-11D3-BF4B-00C04F79EFBC}") = "VogueUkraine.Users.Api", "VogueUkraine.Users.Api\VogueUkraine.Users.Api.csproj", "{2211B615-2771-46F4-A30B-150E9071F55A}"
EndProject
Global
	GlobalSection(SolutionConfigurationPlatforms) = preSolution
		Debug|Any CPU = Debug|Any CPU
		Release|Any CPU = Release|Any CPU
	EndGlobalSection
	GlobalSection(SolutionProperties) = preSolution
		HideSolutionNode = FALSE
	EndGlobalSection
	GlobalSection(ProjectConfigurationPlatforms) = postSolution
		{E8D42E3F-BCF0-4794-B72E-B58AECF9CC21}.Debug|Any CPU.ActiveCfg = Debug|Any CPU
		{E8D42E3F-BCF0-4794-B72E-B58AECF9CC21}.Debug|Any CPU.Build.0 = Debug|Any CPU
		{E8D42E3F-BCF0-4794-B72E-B58AECF9CC21}.Release|Any CPU.ActiveCfg = Release|Any CPU
		{E8D42E3F-BCF0-4794-B72E-B58AECF9CC21}.Release|Any CPU.Build.0 = Release|Any CPU
		{5EDE7F02-24E0-4893-A27B-6D683B7A9918}.Debug|Any CPU.ActiveCfg = Debug|Any CPU
		{5EDE7F02-24E0-4893-A27B-6D683B7A9918}.Debug|Any CPU.Build.0 = Debug|Any CPU
		{5EDE7F02-24E0-4893-A27B-6D683B7A9918}.Release|Any CPU.ActiveCfg = Release|Any CPU
		{5EDE7F02-24E0-4893-A27B-6D683B7A9918}.Release|Any CPU.Build.0 = Release|Any CPU
		{7E6CD8B5-5237-44D9-94DD-B6F141B30A0C}.Debug|Any CPU.ActiveCfg = Debug|Any CPU
		{7E6CD8B5-5237-44D9-94DD-B6F141B30A0C}.Debug|Any CPU.Build.0 = Debug|Any CPU
		{7E6CD8B5-5237-44D9-94DD-B6F141B30A0C}.Release|Any CPU.ActiveCfg = Release|Any CPU
		{7E6CD8B5-5237-44D9-94DD-B6F141B30A0C}.Release|Any CPU.Build.0 = Release|Any CPU
		{0E7B77E6-DEB4-4E09-B5CC-FE8FF4FE6873}.Debug|Any CPU.ActiveCfg = Debug|Any CPU
		{0E7B77E6-DEB4-4E09-B5CC-FE8FF4FE6873}.Debug|Any CPU.Build.0 = Debug|Any CPU
		{0E7B77E6-DEB4-4E09-B5CC-FE8FF4FE6873}.Release|Any CPU.ActiveCfg = Release|Any CPU
		{0E7B77E6-DEB4-4E09-B5CC-FE8FF4FE6873}.Release|Any CPU.Build.0 = Release|Any CPU
		{BE1185E0-19EA-4EBE-B3AB-6D259C6FD151}.Debug|Any CPU.ActiveCfg = Debug|Any CPU
		{BE1185E0-19EA-4EBE-B3AB-6D259C6FD151}.Debug|Any CPU.Build.0 = Debug|Any CPU
		{BE1185E0-19EA-4EBE-B3AB-6D259C6FD151}.Release|Any CPU.ActiveCfg = Release|Any CPU
		{BE1185E0-19EA-4EBE-B3AB-6D259C6FD151}.Release|Any CPU.Build.0 = Release|Any CPU
		{F7B71137-5941-49A2-AEB7-06BB3559CCA8}.Debug|Any CPU.ActiveCfg = Debug|Any CPU
		{F7B71137-5941-49A2-AEB7-06BB3559CCA8}.Debug|Any CPU.Build.0 = Debug|Any CPU
		{F7B71137-5941-49A2-AEB7-06BB3559CCA8}.Release|Any CPU.ActiveCfg = Release|Any CPU
		{F7B71137-5941-49A2-AEB7-06BB3559CCA8}.Release|Any CPU.Build.0 = Release|Any CPU
		{2211B615-2771-46F4-A30B-150E9071F55A}.Debug|Any CPU.ActiveCfg = Debug|Any CPU
		{2211B615-2771-46F4-A30B-150E9071F55A}.Debug|Any CPU.Build.0 = Debug|Any CPU
		{2211B615-2771-46F4-A30B-150E9071F55A}.Release|Any CPU.ActiveCfg = Release|Any CPU
		{2211B615-2771-46F4-A30B-150E9071F55A}.Release|Any CPU.Build.0 = Release|Any CPU
	EndGlobalSection
EndGlobal
